
Microsoft Visual Studio Solution File, Format Version 12.00
# Visual Studio Version 16
VisualStudioVersion = 16.0.30611.23
MinimumVisualStudioVersion = 10.0.40219.1
Project("{FAE04EC0-301F-11D3-BF4B-00C04F79EFBC}") = "Lab_2.2", "Lab_2.2\Lab_2.2.csproj", "{FC184DF5-18CC-4180-BB3E-060CA276DAA0}"
EndProject
Global
	GlobalSection(SolutionConfigurationPlatforms) = preSolution
		Debug|Any CPU = Debug|Any CPU
		Release|Any CPU = Release|Any CPU
	EndGlobalSection
	GlobalSection(ProjectConfigurationPlatforms) = postSolution
		{FC184DF5-18CC-4180-BB3E-060CA276DAA0}.Debug|Any CPU.ActiveCfg = Debug|Any CPU
		{FC184DF5-18CC-4180-BB3E-060CA276DAA0}.Debug|Any CPU.Build.0 = Debug|Any CPU
		{FC184DF5-18CC-4180-BB3E-060CA276DAA0}.Release|Any CPU.ActiveCfg = Release|Any CPU
		{FC184DF5-18CC-4180-BB3E-060CA276DAA0}.Release|Any CPU.Build.0 = Release|Any CPU
	EndGlobalSection
	GlobalSection(SolutionProperties) = preSolution
		HideSolutionNode = FALSE
	EndGlobalSection
	GlobalSection(ExtensibilityGlobals) = postSolution
		SolutionGuid = {DAE60D8E-32CD-4483-BC1E-E0F303C54116}
	EndGlobalSection
EndGlobal
